
Microsoft Visual Studio Solution File, Format Version 12.00
# Visual Studio 15
VisualStudioVersion = 15.0.27130.2010
MinimumVisualStudioVersion = 10.0.40219.1
Project("{FAE04EC0-301F-11D3-BF4B-00C04F79EFBC}") = "FinalProject.Modules", "FinalProject.Modules\FinalProject.Modules.csproj", "{3CF700A6-1B15-42D5-B870-3977115585F6}"
EndProject
Project("{FAE04EC0-301F-11D3-BF4B-00C04F79EFBC}") = "FinalProject.DAL", "FinalProject.DAL\FinalProject.DAL.csproj", "{DDBC546E-C1E4-40D9-9891-11267C19BE42}"
EndProject
Project("{FAE04EC0-301F-11D3-BF4B-00C04F79EFBC}") = "FinalProject.BL", "FinalProject.BL\FinalProject.BL.csproj", "{6A5DD776-1620-4781-BC69-3DA075106F26}"
EndProject
Project("{FAE04EC0-301F-11D3-BF4B-00C04F79EFBC}") = "FinalProject.Tester", "FinalProject.Tester\FinalProject.Tester.csproj", "{0E098E99-0EDC-43F1-8A5C-B336C6475EA6}"
EndProject
Global
	GlobalSection(SolutionConfigurationPlatforms) = preSolution
		Debug|Any CPU = Debug|Any CPU
		Release|Any CPU = Release|Any CPU
	EndGlobalSection
	GlobalSection(ProjectConfigurationPlatforms) = postSolution
		{3CF700A6-1B15-42D5-B870-3977115585F6}.Debug|Any CPU.ActiveCfg = Debug|Any CPU
		{3CF700A6-1B15-42D5-B870-3977115585F6}.Debug|Any CPU.Build.0 = Debug|Any CPU
		{3CF700A6-1B15-42D5-B870-3977115585F6}.Release|Any CPU.ActiveCfg = Release|Any CPU
		{3CF700A6-1B15-42D5-B870-3977115585F6}.Release|Any CPU.Build.0 = Release|Any CPU
		{DDBC546E-C1E4-40D9-9891-11267C19BE42}.Debug|Any CPU.ActiveCfg = Debug|Any CPU
		{DDBC546E-C1E4-40D9-9891-11267C19BE42}.Debug|Any CPU.Build.0 = Debug|Any CPU
		{DDBC546E-C1E4-40D9-9891-11267C19BE42}.Release|Any CPU.ActiveCfg = Release|Any CPU
		{DDBC546E-C1E4-40D9-9891-11267C19BE42}.Release|Any CPU.Build.0 = Release|Any CPU
		{6A5DD776-1620-4781-BC69-3DA075106F26}.Debug|Any CPU.ActiveCfg = Debug|Any CPU
		{6A5DD776-1620-4781-BC69-3DA075106F26}.Debug|Any CPU.Build.0 = Debug|Any CPU
		{6A5DD776-1620-4781-BC69-3DA075106F26}.Release|Any CPU.ActiveCfg = Release|Any CPU
		{6A5DD776-1620-4781-BC69-3DA075106F26}.Release|Any CPU.Build.0 = Release|Any CPU
		{0E098E99-0EDC-43F1-8A5C-B336C6475EA6}.Debug|Any CPU.ActiveCfg = Debug|Any CPU
		{0E098E99-0EDC-43F1-8A5C-B336C6475EA6}.Debug|Any CPU.Build.0 = Debug|Any CPU
		{0E098E99-0EDC-43F1-8A5C-B336C6475EA6}.Release|Any CPU.ActiveCfg = Release|Any CPU
		{0E098E99-0EDC-43F1-8A5C-B336C6475EA6}.Release|Any CPU.Build.0 = Release|Any CPU
	EndGlobalSection
	GlobalSection(SolutionProperties) = preSolution
		HideSolutionNode = FALSE
	EndGlobalSection
	GlobalSection(ExtensibilityGlobals) = postSolution
		SolutionGuid = {5F175643-5007-4A6F-A7A1-8E0AB1D1C00D}
	EndGlobalSection
EndGlobal
